schema: '2.0'
stages:
  read_raw_local:
    cmd: python ..\..\src\read_raw_local.py ..\..\data\raw ..\..\data\interim
    deps:
    - path: ..\..\data\raw
      md5: 0264b5e4b9d8feff6ae62f3d9e3e610c.dir
      size: 352350125
      nfiles: 201
    - path: ..\..\src\read_raw_local.py
      md5: d51b6c5e792c586c02d2ed14fafb5c34
      size: 2410
    outs:
    - path: ..\..\data\interim\interim_data.csv
      md5: 441e5675ed964940ae1a03877321dfc6
      size: 283473031
  build_features:
    cmd: python ..\..\src\build_features.py ..\..\data\interim ..\..\data\processed
    deps:
    - path: ..\..\data\interim\interim_data.csv
      md5: 441e5675ed964940ae1a03877321dfc6
      size: 283473031
    - path: ..\..\src\build_features.py
      md5: 8eb5a1405505508c51e507731b8e4143
      size: 1875
    outs:
    - path: ..\..\data\processed\processed_data.csv
      md5: cc24808797249be7c3179b37d0dfd6f3
      size: 153694635
  split_data:
    cmd: python ..\..\src\split_data.py ..\..\data\processed ..\..\data\processed\train
      ..\..\data\processed\test
    deps:
    - path: ..\..\data\processed\processed_data.csv
      md5: cc24808797249be7c3179b37d0dfd6f3
      size: 153694635
    - path: ..\..\src\split_data.py
      md5: f89ae4cfb87a60287e515c5157b2674f
      size: 1234
    params:
      params.yaml:
        split_data.train_data_size: 0.8
    outs:
    - path: ..\..\data\processed\test\test_data.csv
      md5: 9e71fe9883293bbff6c43d5022ccb7fe
      size: 30875333
    - path: ..\..\data\processed\train\train_data.csv
      md5: b6f9560ab4aafdb431a86b9f19702772
      size: 122798073
  train@GEARBOX_COOLER_POWER:
    cmd: python ..\..\src\train.py ..\..\data\processed\train ..\..\models ..\..\metrics
      GEARBOX_COOLER_POWER
    deps:
    - path: ..\..\data\processed\train\train_data.csv
      md5: b6f9560ab4aafdb431a86b9f19702772
      size: 122798073
    - path: ..\..\src\train.py
      md5: 5f1b1e841114c93f7efe8c8c160d6e77
      size: 3814
    params:
      params.yaml:
        model.look_back: 120
        model.lstm_units: 3
        train.batch_size: 256
        train.epochs: 3
        train.learning_rate: 0.5
        train.patience: 5
        train.seed: 2507
    outs:
    - path: ..\..\metrics\train_GEARBOX_COOLER_POWER.json
      md5: 1ffbad9517999826b1b768c572208bb5
      size: 357
    - path: ..\..\models\GEARBOX_COOLER_POWER.h5
      md5: c2bbfcec7655afa61877e5043e2341dc
      size: 28720
    - path: ..\..\models\GEARBOX_COOLER_POWER.joblib
      md5: 5cb5cc059839dac07b26e8d856b170ce
      size: 608
  train@SERVO_HYD_POWER:
    cmd: python ..\..\src\train.py ..\..\data\processed\train ..\..\models ..\..\metrics
      SERVO_HYD_POWER
    deps:
    - path: ..\..\data\processed\train\train_data.csv
      md5: b6f9560ab4aafdb431a86b9f19702772
      size: 122798073
    - path: ..\..\src\train.py
      md5: 5f1b1e841114c93f7efe8c8c160d6e77
      size: 3814
    params:
      params.yaml:
        model.look_back: 240
        model.lstm_units: 5
        train.batch_size: 256
        train.epochs: 20
        train.learning_rate: 0.01
        train.patience: 5
        train.seed: 3108
    outs:
    - path: ..\..\metrics\train_SERVO_HYD_POWER.json
      md5: 91d0ccf78e4cf7bcdc6acd04c5de368a
      size: 2367
    - path: ..\..\models\SERVO_HYD_POWER.h5
      md5: 8dfd5c4d7b102c7d714ea59a551648ff
      size: 28720
    - path: ..\..\models\SERVO_HYD_POWER.joblib
      md5: 71bee4c242f4bc29a34350594e10545c
      size: 608
  train@DRIVE_POWER:
    cmd: python ..\..\src\train.py ..\..\data\processed\train ..\..\models ..\..\metrics
      DRIVE_POWER
    deps:
    - path: ..\..\data\processed\train\train_data.csv
      md5: b6f9560ab4aafdb431a86b9f19702772
      size: 122798073
    - path: ..\..\src\train.py
      md5: 5f1b1e841114c93f7efe8c8c160d6e77
      size: 3814
    params:
      params.yaml:
        model.look_back: 120
        model.lstm_units: 3
        train.batch_size: 256
        train.epochs: 3
        train.learning_rate: 0.5
        train.patience: 5
        train.seed: 2507
    outs:
    - path: ..\..\metrics\train_DRIVE_POWER.json
      md5: 306cf2ada0ef77584ec8ca6ff0004ed9
      size: 360
    - path: ..\..\models\DRIVE_POWER.h5
      md5: 077293440a95ec9c4b99452e60ad7f7f
      size: 28720
    - path: ..\..\models\DRIVE_POWER.joblib
      md5: 713c830a83c403956d275d949c03c667
      size: 608
  train@CHARGE_HYD_POWER:
    cmd: python ..\..\src\train.py ..\..\data\processed\train ..\..\models ..\..\metrics
      CHARGE_HYD_POWER
    deps:
    - path: ..\..\data\processed\train\train_data.csv
      md5: b6f9560ab4aafdb431a86b9f19702772
      size: 122798073
    - path: ..\..\src\train.py
      md5: 5f1b1e841114c93f7efe8c8c160d6e77
      size: 3814
    params:
      params.yaml:
        model.look_back: 120
        model.lstm_units: 3
        train.batch_size: 256
        train.epochs: 3
        train.learning_rate: 0.5
        train.patience: 5
        train.seed: 2507
    outs:
    - path: ..\..\metrics\train_CHARGE_HYD_POWER.json
      md5: 839b32d252349cfb2651ffeeacf177d7
      size: 355
    - path: ..\..\models\CHARGE_HYD_POWER.h5
      md5: ac88bb81ab94b0379aec89e4d33071c4
      size: 28720
    - path: ..\..\models\CHARGE_HYD_POWER.joblib
      md5: 965d03f45e59aea372c9d1086c0c4a3f
      size: 608
  train@CHARGE_MECH_POWER:
    cmd: python ..\..\src\train.py ..\..\data\processed\train ..\..\models ..\..\metrics
      CHARGE_MECH_POWER
    deps:
    - path: ..\..\data\processed\train\train_data.csv
      md5: b6f9560ab4aafdb431a86b9f19702772
      size: 122798073
    - path: ..\..\src\train.py
      md5: 5f1b1e841114c93f7efe8c8c160d6e77
      size: 3814
    params:
      params.yaml:
        model.look_back: 120
        model.lstm_units: 3
        train.batch_size: 256
        train.epochs: 3
        train.learning_rate: 0.5
        train.patience: 5
        train.seed: 2507
    outs:
    - path: ..\..\metrics\train_CHARGE_MECH_POWER.json
      md5: 56b376413b722859b57e2e45de0f281d
      size: 359
    - path: ..\..\models\CHARGE_MECH_POWER.h5
      md5: 633c0ae2eb4118d185868d06d4a70920
      size: 28720
    - path: ..\..\models\CHARGE_MECH_POWER.joblib
      md5: 92a1b0b2c9228150771b37c66525772d
      size: 608
  train@MAIN_COOLER_POWER:
    cmd: python ..\..\src\train.py ..\..\data\processed\train ..\..\models ..\..\metrics
      MAIN_COOLER_POWER
    deps:
    - path: ..\..\data\processed\train\train_data.csv
      md5: b6f9560ab4aafdb431a86b9f19702772
      size: 122798073
    - path: ..\..\src\train.py
      md5: 5f1b1e841114c93f7efe8c8c160d6e77
      size: 3814
    params:
      params.yaml:
        model.look_back: 120
        model.lstm_units: 3
        train.batch_size: 256
        train.epochs: 3
        train.learning_rate: 0.5
        train.patience: 5
        train.seed: 2507
    outs:
    - path: ..\..\metrics\train_MAIN_COOLER_POWER.json
      md5: 6d635ba796eec9e70ee43f65c76c2964
      size: 358
    - path: ..\..\models\MAIN_COOLER_POWER.h5
      md5: 4040cf4b063f5163ea4686314cc83e77
      size: 28720
    - path: ..\..\models\MAIN_COOLER_POWER.joblib
      md5: e73857c933e7a5d9dff6b3ef584a8f99
      size: 608
  train@Vibration_1:
    cmd: python ..\..\src\train.py ..\..\data\processed\train ..\..\models ..\..\metrics
      Vibration_1
    deps:
    - path: ..\..\data\processed\train\train_data.csv
      md5: b6f9560ab4aafdb431a86b9f19702772
      size: 122798073
    - path: ..\..\src\train.py
      md5: 5f1b1e841114c93f7efe8c8c160d6e77
      size: 3814
    params:
      params.yaml:
        model.look_back: 120
        model.lstm_units: 3
        train.batch_size: 256
        train.epochs: 3
        train.learning_rate: 0.5
        train.patience: 5
        train.seed: 2507
    outs:
    - path: ..\..\metrics\train_Vibration_1.json
      md5: 72112b2e4279541128b7f1f51d34896e
      size: 353
    - path: ..\..\models\Vibration_1.h5
      md5: b6246b9831a48721faed4f55ff1f1721
      size: 28720
    - path: ..\..\models\Vibration_1.joblib
      md5: 58adeaf1f47302f5fede9b5d492e1804
      size: 608
  evaluate@CHARGE_HYD_POWER:
    cmd: python ..\..\src\evaluate.py ..\..\data\processed\test ..\..\models ..\..\metrics
      CHARGE_HYD_POWER
    deps:
    - path: ..\..\data\processed\test\test_data.csv
      md5: 9e71fe9883293bbff6c43d5022ccb7fe
      size: 30875333
    - path: ..\..\models\CHARGE_HYD_POWER.h5
      md5: ac88bb81ab94b0379aec89e4d33071c4
      size: 28720
    - path: ..\..\models\CHARGE_HYD_POWER.joblib
      md5: 965d03f45e59aea372c9d1086c0c4a3f
      size: 608
    - path: ..\..\src\evaluate.py
      md5: 1a89ef093794762bc48ee4e4f7342951
      size: 1996
    outs:
    - path: ..\..\metrics\eval_CHARGE_HYD_POWER.json
      md5: ae672a5f5e7e112e4e975d4461460d4a
      size: 75
  train@SCAVENGE_POWER:
    cmd: python ..\..\src\train.py ..\..\data\processed\train ..\..\models ..\..\metrics
      SCAVENGE_POWER
    deps:
    - path: ..\..\data\processed\train\train_data.csv
      md5: b6f9560ab4aafdb431a86b9f19702772
      size: 122798073
    - path: ..\..\src\train.py
      md5: 5f1b1e841114c93f7efe8c8c160d6e77
      size: 3814
    params:
      params.yaml:
        model.look_back: 120
        model.lstm_units: 3
        train.batch_size: 256
        train.epochs: 3
        train.learning_rate: 0.5
        train.patience: 5
        train.seed: 2507
    outs:
    - path: ..\..\metrics\train_SCAVENGE_POWER.json
      md5: b11d8170a0c5aed213c25042a87251b9
      size: 354
    - path: ..\..\models\SCAVENGE_POWER.h5
      md5: 87f2765b11f042ab5c3e690fb02a95e2
      size: 28720
    - path: ..\..\models\SCAVENGE_POWER.joblib
      md5: 447491931a5c4d793a64f9cbb2e4fcca
      size: 608
  evaluate@Vibration_1:
    cmd: python ..\..\src\evaluate.py ..\..\data\processed\test ..\..\models ..\..\metrics
      Vibration_1
    deps:
    - path: ..\..\data\processed\test\test_data.csv
      md5: 9e71fe9883293bbff6c43d5022ccb7fe
      size: 30875333
    - path: ..\..\models\Vibration_1.h5
      md5: b6246b9831a48721faed4f55ff1f1721
      size: 28720
    - path: ..\..\models\Vibration_1.joblib
      md5: 58adeaf1f47302f5fede9b5d492e1804
      size: 608
    - path: ..\..\src\evaluate.py
      md5: 1a89ef093794762bc48ee4e4f7342951
      size: 1996
    outs:
    - path: ..\..\metrics\eval_Vibration_1.json
      md5: c084a3c5e7fa4cd8c20a660677d87d7b
      size: 74
  train@SERVO_MECH_POWER:
    cmd: python ..\..\src\train.py ..\..\data\processed\train ..\..\models ..\..\metrics
      SERVO_MECH_POWER
    deps:
    - path: ..\..\data\processed\train\train_data.csv
      md5: b6f9560ab4aafdb431a86b9f19702772
      size: 122798073
    - path: ..\..\src\train.py
      md5: 5f1b1e841114c93f7efe8c8c160d6e77
      size: 3814
    params:
      params.yaml:
        model.look_back: 120
        model.lstm_units: 3
        train.batch_size: 256
        train.epochs: 3
        train.learning_rate: 0.5
        train.patience: 5
        train.seed: 2507
    outs:
    - path: ..\..\metrics\train_SERVO_MECH_POWER.json
      md5: 831d986c4ba014353e12dab5f79bd239
      size: 358
    - path: ..\..\models\SERVO_MECH_POWER.h5
      md5: 4873dc2bbe73c694e149b7d0fb40054f
      size: 28720
    - path: ..\..\models\SERVO_MECH_POWER.joblib
      md5: 24cbc7c09ad8528e231c0f804579535e
      size: 608
  evaluate@SERVO_MECH_POWER:
    cmd: python ..\..\src\evaluate.py ..\..\data\processed\test ..\..\models ..\..\metrics
      SERVO_MECH_POWER
    deps:
    - path: ..\..\data\processed\test\test_data.csv
      md5: 9e71fe9883293bbff6c43d5022ccb7fe
      size: 30875333
    - path: ..\..\models\SERVO_MECH_POWER.h5
      md5: 4873dc2bbe73c694e149b7d0fb40054f
      size: 28720
    - path: ..\..\models\SERVO_MECH_POWER.joblib
      md5: 24cbc7c09ad8528e231c0f804579535e
      size: 608
    - path: ..\..\src\evaluate.py
      md5: 1a89ef093794762bc48ee4e4f7342951
      size: 1996
    outs:
    - path: ..\..\metrics\eval_SERVO_MECH_POWER.json
      md5: c8305d6e51ee862026d63a52199b34fe
      size: 77
  evaluate@GEARBOX_COOLER_POWER:
    cmd: python ..\..\src\evaluate.py ..\..\data\processed\test ..\..\models ..\..\metrics
      GEARBOX_COOLER_POWER
    deps:
    - path: ..\..\data\processed\test\test_data.csv
      md5: 9e71fe9883293bbff6c43d5022ccb7fe
      size: 30875333
    - path: ..\..\models\GEARBOX_COOLER_POWER.h5
      md5: c2bbfcec7655afa61877e5043e2341dc
      size: 28720
    - path: ..\..\models\GEARBOX_COOLER_POWER.joblib
      md5: 5cb5cc059839dac07b26e8d856b170ce
      size: 608
    - path: ..\..\src\evaluate.py
      md5: 1a89ef093794762bc48ee4e4f7342951
      size: 1996
    outs:
    - path: ..\..\metrics\eval_GEARBOX_COOLER_POWER.json
      md5: 83673912838e3fff912fccd10a0325cb
      size: 75
  train@Vibration_2:
    cmd: python ..\..\src\train.py ..\..\data\processed\train ..\..\models ..\..\metrics
      Vibration_2
    deps:
    - path: ..\..\data\processed\train\train_data.csv
      md5: b6f9560ab4aafdb431a86b9f19702772
      size: 122798073
    - path: ..\..\src\train.py
      md5: 5f1b1e841114c93f7efe8c8c160d6e77
      size: 3814
    params:
      params.yaml:
        model.look_back: 120
        model.lstm_units: 3
        train.batch_size: 256
        train.epochs: 3
        train.learning_rate: 0.5
        train.patience: 5
        train.seed: 2507
    outs:
    - path: ..\..\metrics\train_Vibration_2.json
      md5: 7eb373874f6ba9e73e09f5ef4dfe7b10
      size: 360
    - path: ..\..\models\Vibration_2.h5
      md5: dd8c02aa7b8f22539c2a9671b1d2bed8
      size: 28720
    - path: ..\..\models\Vibration_2.joblib
      md5: 7db97e740b4ca44bca2719dcd8059f5c
      size: 608
  evaluate@Vibration_2:
    cmd: python ..\..\src\evaluate.py ..\..\data\processed\test ..\..\models ..\..\metrics
      Vibration_2
    deps:
    - path: ..\..\data\processed\test\test_data.csv
      md5: 9e71fe9883293bbff6c43d5022ccb7fe
      size: 30875333
    - path: ..\..\models\Vibration_2.h5
      md5: dd8c02aa7b8f22539c2a9671b1d2bed8
      size: 28720
    - path: ..\..\models\Vibration_2.joblib
      md5: 7db97e740b4ca44bca2719dcd8059f5c
      size: 608
    - path: ..\..\src\evaluate.py
      md5: 1a89ef093794762bc48ee4e4f7342951
      size: 1996
    outs:
    - path: ..\..\metrics\eval_Vibration_2.json
      md5: 301ef7900dc8ea2e1fd1c2379604dca1
      size: 75
  evaluate@DRIVE_POWER:
    cmd: python ..\..\src\evaluate.py ..\..\data\processed\test ..\..\models ..\..\metrics
      DRIVE_POWER
    deps:
    - path: ..\..\data\processed\test\test_data.csv
      md5: 9e71fe9883293bbff6c43d5022ccb7fe
      size: 30875333
    - path: ..\..\models\DRIVE_POWER.h5
      md5: 077293440a95ec9c4b99452e60ad7f7f
      size: 28720
    - path: ..\..\models\DRIVE_POWER.joblib
      md5: 713c830a83c403956d275d949c03c667
      size: 608
    - path: ..\..\src\evaluate.py
      md5: 1a89ef093794762bc48ee4e4f7342951
      size: 1996
    outs:
    - path: ..\..\metrics\eval_DRIVE_POWER.json
      md5: bc93c2d7ecc14debd3af02ce05fd261a
      size: 77
  train@LOAD_POWER:
    cmd: python ..\..\src\train.py ..\..\data\processed\train ..\..\models ..\..\metrics
      LOAD_POWER
    deps:
    - path: ..\..\data\processed\train\train_data.csv
      md5: b6f9560ab4aafdb431a86b9f19702772
      size: 122798073
    - path: ..\..\src\train.py
      md5: 5f1b1e841114c93f7efe8c8c160d6e77
      size: 3814
    params:
      params.yaml:
        model.look_back: 240
        model.lstm_units: 5
        train.batch_size: 256
        train.epochs: 20
        train.learning_rate: 0.01
        train.patience: 5
        train.seed: 3108
    outs:
    - path: ..\..\metrics\train_LOAD_POWER.json
      md5: 44e094e0a585d390721cc0302b428756
      size: 2246
    - path: ..\..\models\LOAD_POWER.h5
      md5: 5e33ce41724c0b6ab6137b3e71a87b7c
      size: 28720
    - path: ..\..\models\LOAD_POWER.joblib
      md5: f6f509754bfaf65abf26b86be83eaca6
      size: 608
  evaluate@MAIN_COOLER_POWER:
    cmd: python ..\..\src\evaluate.py ..\..\data\processed\test ..\..\models ..\..\metrics
      MAIN_COOLER_POWER
    deps:
    - path: ..\..\data\processed\test\test_data.csv
      md5: 9e71fe9883293bbff6c43d5022ccb7fe
      size: 30875333
    - path: ..\..\models\MAIN_COOLER_POWER.h5
      md5: 4040cf4b063f5163ea4686314cc83e77
      size: 28720
    - path: ..\..\models\MAIN_COOLER_POWER.joblib
      md5: e73857c933e7a5d9dff6b3ef584a8f99
      size: 608
    - path: ..\..\src\evaluate.py
      md5: 1a89ef093794762bc48ee4e4f7342951
      size: 1996
    outs:
    - path: ..\..\metrics\eval_MAIN_COOLER_POWER.json
      md5: cb2663cb2c7f376edf98879d2fbc860c
      size: 76
  evaluate@SERVO_HYD_POWER:
    cmd: python ..\..\src\evaluate.py ..\..\data\processed\test ..\..\models ..\..\metrics
      SERVO_HYD_POWER
    deps:
    - path: ..\..\data\processed\test\test_data.csv
      md5: 9e71fe9883293bbff6c43d5022ccb7fe
      size: 30875333
    - path: ..\..\models\SERVO_HYD_POWER.h5
      md5: 8dfd5c4d7b102c7d714ea59a551648ff
      size: 28720
    - path: ..\..\models\SERVO_HYD_POWER.joblib
      md5: 71bee4c242f4bc29a34350594e10545c
      size: 608
    - path: ..\..\src\evaluate.py
      md5: 1a89ef093794762bc48ee4e4f7342951
      size: 1996
    outs:
    - path: ..\..\metrics\eval_SERVO_HYD_POWER.json
      md5: bd27844c06774fbf7cf6d434d08cb547
      size: 80
  evaluate@LOAD_POWER:
    cmd: python ..\..\src\evaluate.py ..\..\data\processed\test ..\..\models ..\..\metrics
      LOAD_POWER
    deps:
    - path: ..\..\data\processed\test\test_data.csv
      md5: 9e71fe9883293bbff6c43d5022ccb7fe
      size: 30875333
    - path: ..\..\models\LOAD_POWER.h5
      md5: 5e33ce41724c0b6ab6137b3e71a87b7c
      size: 28720
    - path: ..\..\models\LOAD_POWER.joblib
      md5: f6f509754bfaf65abf26b86be83eaca6
      size: 608
    - path: ..\..\src\evaluate.py
      md5: 1a89ef093794762bc48ee4e4f7342951
      size: 1996
    outs:
    - path: ..\..\metrics\eval_LOAD_POWER.json
      md5: b2121f6f2c850023c571f5c80b187267
      size: 80
  evaluate@SCAVENGE_POWER:
    cmd: python ..\..\src\evaluate.py ..\..\data\processed\test ..\..\models ..\..\metrics
      SCAVENGE_POWER
    deps:
    - path: ..\..\data\processed\test\test_data.csv
      md5: 9e71fe9883293bbff6c43d5022ccb7fe
      size: 30875333
    - path: ..\..\models\SCAVENGE_POWER.h5
      md5: 87f2765b11f042ab5c3e690fb02a95e2
      size: 28720
    - path: ..\..\models\SCAVENGE_POWER.joblib
      md5: 447491931a5c4d793a64f9cbb2e4fcca
      size: 608
    - path: ..\..\src\evaluate.py
      md5: 1a89ef093794762bc48ee4e4f7342951
      size: 1996
    outs:
    - path: ..\..\metrics\eval_SCAVENGE_POWER.json
      md5: 2714c58488a47b823845104cda8919d5
      size: 75
  evaluate@CHARGE_MECH_POWER:
    cmd: python ..\..\src\evaluate.py ..\..\data\processed\test ..\..\models ..\..\metrics
      CHARGE_MECH_POWER
    deps:
    - path: ..\..\data\processed\test\test_data.csv
      md5: 9e71fe9883293bbff6c43d5022ccb7fe
      size: 30875333
    - path: ..\..\models\CHARGE_MECH_POWER.h5
      md5: 633c0ae2eb4118d185868d06d4a70920
      size: 28720
    - path: ..\..\models\CHARGE_MECH_POWER.joblib
      md5: 92a1b0b2c9228150771b37c66525772d
      size: 608
    - path: ..\..\src\evaluate.py
      md5: 1a89ef093794762bc48ee4e4f7342951
      size: 1996
    outs:
    - path: ..\..\metrics\eval_CHARGE_MECH_POWER.json
      md5: 34a8877ff518d28ae37096a7fc24cced
      size: 77
